
Microsoft Visual Studio Solution File, Format Version 12.00
# Visual Studio Version 16
VisualStudioVersion = 16.0.31105.61
MinimumVisualStudioVersion = 10.0.40219.1
Project("{9A19103F-16F7-4668-BE54-9A1E7A4F7556}") = "Rabbit", "Rabbit\Rabbit.csproj", "{B0529E32-1E50-46B1-8991-1BAC0EBB2AAA}"
EndProject
Project("{FAE04EC0-301F-11D3-BF4B-00C04F79EFBC}") = "Sender", "Sender\Sender.csproj", "{DF384F87-631A-4D00-AFEB-58E5225517DA}"
EndProject
Project("{FAE04EC0-301F-11D3-BF4B-00C04F79EFBC}") = "Receiver", "Receiver\Receiver.csproj", "{555832F2-49BD-4671-A967-713A653F38B2}"
EndProject
Global
	GlobalSection(SolutionConfigurationPlatforms) = preSolution
		Debug|Any CPU = Debug|Any CPU
		Release|Any CPU = Release|Any CPU
	EndGlobalSection
	GlobalSection(ProjectConfigurationPlatforms) = postSolution
		{B0529E32-1E50-46B1-8991-1BAC0EBB2AAA}.Debug|Any CPU.ActiveCfg = Debug|Any CPU
		{B0529E32-1E50-46B1-8991-1BAC0EBB2AAA}.Debug|Any CPU.Build.0 = Debug|Any CPU
		{B0529E32-1E50-46B1-8991-1BAC0EBB2AAA}.Release|Any CPU.ActiveCfg = Release|Any CPU
		{B0529E32-1E50-46B1-8991-1BAC0EBB2AAA}.Release|Any CPU.Build.0 = Release|Any CPU
		{DF384F87-631A-4D00-AFEB-58E5225517DA}.Debug|Any CPU.ActiveCfg = Debug|Any CPU
		{DF384F87-631A-4D00-AFEB-58E5225517DA}.Debug|Any CPU.Build.0 = Debug|Any CPU
		{DF384F87-631A-4D00-AFEB-58E5225517DA}.Release|Any CPU.ActiveCfg = Release|Any CPU
		{DF384F87-631A-4D00-AFEB-58E5225517DA}.Release|Any CPU.Build.0 = Release|Any CPU
		{555832F2-49BD-4671-A967-713A653F38B2}.Debug|Any CPU.ActiveCfg = Debug|Any CPU
		{555832F2-49BD-4671-A967-713A653F38B2}.Debug|Any CPU.Build.0 = Debug|Any CPU
		{555832F2-49BD-4671-A967-713A653F38B2}.Release|Any CPU.ActiveCfg = Release|Any CPU
		{555832F2-49BD-4671-A967-713A653F38B2}.Release|Any CPU.Build.0 = Release|Any CPU
	EndGlobalSection
	GlobalSection(SolutionProperties) = preSolution
		HideSolutionNode = FALSE
	EndGlobalSection
	GlobalSection(ExtensibilityGlobals) = postSolution
		SolutionGuid = {85DAB61B-7777-4042-8642-CBE501DD860F}
	EndGlobalSection
EndGlobal
